// !$*UTF8*$!
{
	archiveVersion = 1;
	classes = {
	};
	objectVersion = 46;
	objects = {

/* Begin PBXBuildFile section */
		E90296A8160B96A30091F5ED /* details-photo-mask.png in Resources */ = {isa = PBXBuildFile; fileRef = E90296A4160B96A30091F5ED /* details-photo-mask.png */; };
		E90296A9160B96A30091F5ED /* details-photo-mask@2x.png in Resources */ = {isa = PBXBuildFile; fileRef = E90296A5160B96A30091F5ED /* details-photo-mask@2x.png */; };
		E90296AA160B96A30091F5ED /* ingredients-list.png in Resources */ = {isa = PBXBuildFile; fileRef = E90296A6160B96A30091F5ED /* ingredients-list.png */; };
		E90296AB160B96A30091F5ED /* ingredients-list@2x.png in Resources */ = {isa = PBXBuildFile; fileRef = E90296A7160B96A30091F5ED /* ingredients-list@2x.png */; };
		E90296AD160BB7BF0091F5ED /* scroll-ipad.png in Resources */ = {isa = PBXBuildFile; fileRef = E90296AC160BB7BC0091F5ED /* scroll-ipad.png */; };
		E90296AF160BBF0E0091F5ED /* scroll iphone.png in Resources */ = {isa = PBXBuildFile; fileRef = E90296AE160BBF0B0091F5ED /* scroll iphone.png */; };
		E90646A916048D0E00707299 /* MessageUI.framework in Frameworks */ = {isa = PBXBuildFile; fileRef = E90646A816048D0E00707299 /* MessageUI.framework */; };
		E906478816087B4300707299 /* back.png in Resources */ = {isa = PBXBuildFile; fileRef = E90646E616087B4200707299 /* back.png */; };
		E906478916087B4300707299 /* back@2x.png in Resources */ = {isa = PBXBuildFile; fileRef = E90646E716087B4200707299 /* back@2x.png */; };
		E906479C16087B4300707299 /* ipad-arrow-selected.png in Resources */ = {isa = PBXBuildFile; fileRef = E90646FA16087B4200707299 /* ipad-arrow-selected.png */; };
		E906479D16087B4300707299 /* ipad-arrow-selected@2x.png in Resources */ = {isa = PBXBuildFile; fileRef = E90646FB16087B4200707299 /* ipad-arrow-selected@2x.png */; };
		E906479E16087B4300707299 /* ipad-arrow.png in Resources */ = {isa = PBXBuildFile; fileRef = E90646FC16087B4200707299 /* ipad-arrow.png */; };
		E906479F16087B4300707299 /* ipad-arrow@2x.png in Resources */ = {isa = PBXBuildFile; fileRef = E90646FD16087B4200707299 /* ipad-arrow@2x.png */; };
		E90647A016087B4300707299 /* ipad-back.png in Resources */ = {isa = PBXBuildFile; fileRef = E90646FE16087B4200707299 /* ipad-back.png */; };
		E90647A116087B4300707299 /* ipad-back@2x.png in Resources */ = {isa = PBXBuildFile; fileRef = E90646FF16087B4200707299 /* ipad-back@2x.png */; };
		E90647A216087B4300707299 /* ipad-BG-pattern.png in Resources */ = {isa = PBXBuildFile; fileRef = E906470016087B4200707299 /* ipad-BG-pattern.png */; };
		E90647A316087B4300707299 /* ipad-BG-pattern@2x.png in Resources */ = {isa = PBXBuildFile; fileRef = E906470116087B4200707299 /* ipad-BG-pattern@2x.png */; };
		E90647A416087B4300707299 /* ipad-BG-split.png in Resources */ = {isa = PBXBuildFile; fileRef = E906470216087B4200707299 /* ipad-BG-split.png */; };
		E90647A516087B4300707299 /* ipad-BG-split@2x.png in Resources */ = {isa = PBXBuildFile; fileRef = E906470316087B4200707299 /* ipad-BG-split@2x.png */; };
		E90647A616087B4300707299 /* ipad-BG.png in Resources */ = {isa = PBXBuildFile; fileRef = E906470416087B4200707299 /* ipad-BG.png */; };
		E90647A716087B4300707299 /* ipad-BG@2x.png in Resources */ = {isa = PBXBuildFile; fileRef = E906470516087B4200707299 /* ipad-BG@2x.png */; };
		E90647A816087B4300707299 /* ipad-button-blue-pressed.png in Resources */ = {isa = PBXBuildFile; fileRef = E906470616087B4200707299 /* ipad-button-blue-pressed.png */; };
		E90647A916087B4300707299 /* ipad-button-blue-pressed@2x.png in Resources */ = {isa = PBXBuildFile; fileRef = E906470716087B4200707299 /* ipad-button-blue-pressed@2x.png */; };
		E90647AA16087B4300707299 /* ipad-button-blue.png in Resources */ = {isa = PBXBuildFile; fileRef = E906470816087B4200707299 /* ipad-button-blue.png */; };
		E90647AB16087B4300707299 /* ipad-button-blue@2x.png in Resources */ = {isa = PBXBuildFile; fileRef = E906470916087B4200707299 /* ipad-button-blue@2x.png */; };
		E90647B816087B4300707299 /* ipad-list-element.png in Resources */ = {isa = PBXBuildFile; fileRef = E906471616087B4200707299 /* ipad-list-element.png */; };
		E90647B916087B4300707299 /* ipad-list-element@2x.png in Resources */ = {isa = PBXBuildFile; fileRef = E906471716087B4200707299 /* ipad-list-element@2x.png */; };
		E90647BA16087B4300707299 /* ipad-list-item-selected.png in Resources */ = {isa = PBXBuildFile; fileRef = E906471816087B4200707299 /* ipad-list-item-selected.png */; };
		E90647BB16087B4300707299 /* ipad-list-item-selected@2x.png in Resources */ = {isa = PBXBuildFile; fileRef = E906471916087B4200707299 /* ipad-list-item-selected@2x.png */; };
		E90647BC16087B4300707299 /* ipad-menu-bar.png in Resources */ = {isa = PBXBuildFile; fileRef = E906471A16087B4200707299 /* ipad-menu-bar.png */; };
		E90647BD16087B4300707299 /* ipad-menu-bar@2x.png in Resources */ = {isa = PBXBuildFile; fileRef = E906471B16087B4200707299 /* ipad-menu-bar@2x.png */; };
		E90647C216087B4300707299 /* ipad-menubar-button.png in Resources */ = {isa = PBXBuildFile; fileRef = E906472016087B4200707299 /* ipad-menubar-button.png */; };
		E90647C316087B4300707299 /* ipad-menubar-button@2x.png in Resources */ = {isa = PBXBuildFile; fileRef = E906472116087B4200707299 /* ipad-menubar-button@2x.png */; };
		E90647C416087B4300707299 /* ipad-menubar-left.png in Resources */ = {isa = PBXBuildFile; fileRef = E906472216087B4200707299 /* ipad-menubar-left.png */; };
		E90647C516087B4300707299 /* ipad-menubar-left@2x.png in Resources */ = {isa = PBXBuildFile; fileRef = E906472316087B4200707299 /* ipad-menubar-left@2x.png */; };
		E90647C616087B4300707299 /* ipad-menubar-right.png in Resources */ = {isa = PBXBuildFile; fileRef = E906472416087B4200707299 /* ipad-menubar-right.png */; };
		E90647C716087B4300707299 /* ipad-menubar-right@2x.png in Resources */ = {isa = PBXBuildFile; fileRef = E906472516087B4200707299 /* ipad-menubar-right@2x.png */; };
		E90647DE16087B4300707299 /* list-item-bg.png in Resources */ = {isa = PBXBuildFile; fileRef = E906473C16087B4200707299 /* list-item-bg.png */; };
		E90647DF16087B4300707299 /* list-item-bg@2x.png in Resources */ = {isa = PBXBuildFile; fileRef = E906473D16087B4200707299 /* list-item-bg@2x.png */; };
		E90647E016087B4300707299 /* menubar-button.png in Resources */ = {isa = PBXBuildFile; fileRef = E906473E16087B4200707299 /* menubar-button.png */; };
		E90647E116087B4300707299 /* menubar-button@2x.png in Resources */ = {isa = PBXBuildFile; fileRef = E906473F16087B4200707299 /* menubar-button@2x.png */; };
		E90647E216087B4300707299 /* menubar.png in Resources */ = {isa = PBXBuildFile; fileRef = E906474016087B4200707299 /* menubar.png */; };
		E90647E316087B4300707299 /* menubar@2x.png in Resources */ = {isa = PBXBuildFile; fileRef = E906474116087B4200707299 /* menubar@2x.png */; };
		E906481D1608845A00707299 /* MasterCell.m in Sources */ = {isa = PBXBuildFile; fileRef = E906481C1608845A00707299 /* MasterCell.m */; };
		E906483516098E1300707299 /* libShareKit.a in Frameworks */ = {isa = PBXBuildFile; fileRef = E906482C16098D9E00707299 /* libShareKit.a */; };
		E906483616098E3F00707299 /* ShareKit.bundle in Resources */ = {isa = PBXBuildFile; fileRef = E906482E16098D9E00707299 /* ShareKit.bundle */; };
		E906483816098F4800707299 /* CoreFoundation.framework in Frameworks */ = {isa = PBXBuildFile; fileRef = E906483716098F4800707299 /* CoreFoundation.framework */; };
		E906483A16098F5400707299 /* Twitter.framework in Frameworks */ = {isa = PBXBuildFile; fileRef = E906483916098F5400707299 /* Twitter.framework */; };
		E906483C16098F6C00707299 /* CoreLocation.framework in Frameworks */ = {isa = PBXBuildFile; fileRef = E906483B16098F6B00707299 /* CoreLocation.framework */; };
		E906483F160993DE00707299 /* ShareKitDuaConfigurator.m in Sources */ = {isa = PBXBuildFile; fileRef = E906483E160993DE00707299 /* ShareKitDuaConfigurator.m */; };
		E9E0B6C715FFAD3200C74C61 /* UIKit.framework in Frameworks */ = {isa = PBXBuildFile; fileRef = E9E0B6C615FFAD3200C74C61 /* UIKit.framework */; };
		E9E0B6C915FFAD3200C74C61 /* Foundation.framework in Frameworks */ = {isa = PBXBuildFile; fileRef = E9E0B6C815FFAD3200C74C61 /* Foundation.framework */; };
		E9E0B6CB15FFAD3200C74C61 /* CoreGraphics.framework in Frameworks */ = {isa = PBXBuildFile; fileRef = E9E0B6CA15FFAD3200C74C61 /* CoreGraphics.framework */; };
		E9E0B6D115FFAD3200C74C61 /* InfoPlist.strings in Resources */ = {isa = PBXBuildFile; fileRef = E9E0B6CF15FFAD3200C74C61 /* InfoPlist.strings */; };
		E9E0B6D315FFAD3200C74C61 /* main.m in Sources */ = {isa = PBXBuildFile; fileRef = E9E0B6D215FFAD3200C74C61 /* main.m */; };
		E9E0B6D715FFAD3200C74C61 /* DuaAppDelegate.m in Sources */ = {isa = PBXBuildFile; fileRef = E9E0B6D615FFAD3200C74C61 /* DuaAppDelegate.m */; };
		E9E0B6DA15FFAD3300C74C61 /* MainStoryboard_iPhone.storyboard in Resources */ = {isa = PBXBuildFile; fileRef = E9E0B6D815FFAD3300C74C61 /* MainStoryboard_iPhone.storyboard */; };
		E9E0B6DD15FFAD3300C74C61 /* MainStoryboard_iPad.storyboard in Resources */ = {isa = PBXBuildFile; fileRef = E9E0B6DB15FFAD3300C74C61 /* MainStoryboard_iPad.storyboard */; };
		E9E0B6E015FFAD3300C74C61 /* DuaMasterViewController.m in Sources */ = {isa = PBXBuildFile; fileRef = E9E0B6DF15FFAD3300C74C61 /* DuaMasterViewController.m */; };
		E9E0B6E315FFAD3300C74C61 /* DuaDetailViewController.m in Sources */ = {isa = PBXBuildFile; fileRef = E9E0B6E215FFAD3300C74C61 /* DuaDetailViewController.m */; };
		E9E0B6EA15FFAD6D00C74C61 /* Parse.framework in Frameworks */ = {isa = PBXBuildFile; fileRef = E9E0B6E915FFAD6D00C74C61 /* Parse.framework */; settings = {ATTRIBUTES = (Weak, ); }; };
		E9E0B6EC15FFAE9600C74C61 /* AudioToolbox.framework in Frameworks */ = {isa = PBXBuildFile; fileRef = E9E0B6EB15FFAE9600C74C61 /* AudioToolbox.framework */; };
		E9E0B6EE15FFAE9C00C74C61 /* CFNetwork.framework in Frameworks */ = {isa = PBXBuildFile; fileRef = E9E0B6ED15FFAE9C00C74C61 /* CFNetwork.framework */; };
		E9E0B6F015FFAEAA00C74C61 /* libsqlite3.dylib in Frameworks */ = {isa = PBXBuildFile; fileRef = E9E0B6EF15FFAEAA00C74C61 /* libsqlite3.dylib */; };
		E9E0B6F215FFAEB800C74C61 /* libz.1.1.3.dylib in Frameworks */ = {isa = PBXBuildFile; fileRef = E9E0B6F115FFAEB800C74C61 /* libz.1.1.3.dylib */; };
		E9E0B6F415FFAEC200C74C61 /* MobileCoreServices.framework in Frameworks */ = {isa = PBXBuildFile; fileRef = E9E0B6F315FFAEC200C74C61 /* MobileCoreServices.framework */; };
		E9E0B6F615FFAECA00C74C61 /* QuartzCore.framework in Frameworks */ = {isa = PBXBuildFile; fileRef = E9E0B6F515FFAECA00C74C61 /* QuartzCore.framework */; };
		E9E0B6F815FFAED100C74C61 /* Security.framework in Frameworks */ = {isa = PBXBuildFile; fileRef = E9E0B6F715FFAED100C74C61 /* Security.framework */; };
		E9E0B6FA15FFAED900C74C61 /* StoreKit.framework in Frameworks */ = {isa = PBXBuildFile; fileRef = E9E0B6F915FFAED900C74C61 /* StoreKit.framework */; };
		E9E0B6FC15FFAEE200C74C61 /* SystemConfiguration.framework in Frameworks */ = {isa = PBXBuildFile; fileRef = E9E0B6FB15FFAEE200C74C61 /* SystemConfiguration.framework */; };
		E9F0E896160CCE32003473C3 /* Icon-Small-50.png in Resources */ = {isa = PBXBuildFile; fileRef = E9F0E884160CCE32003473C3 /* Icon-Small-50.png */; };
		E9F0E897160CCE32003473C3 /* Icon-Small-50@2x.png in Resources */ = {isa = PBXBuildFile; fileRef = E9F0E885160CCE32003473C3 /* Icon-Small-50@2x.png */; };
		E9F0E898160CCE32003473C3 /* Icon-Small.png in Resources */ = {isa = PBXBuildFile; fileRef = E9F0E886160CCE32003473C3 /* Icon-Small.png */; };
		E9F0E899160CCE32003473C3 /* Icon-Small@2x.png in Resources */ = {isa = PBXBuildFile; fileRef = E9F0E887160CCE32003473C3 /* Icon-Small@2x.png */; };
		E9F0E89A160CCE32003473C3 /* Icon.png in Resources */ = {isa = PBXBuildFile; fileRef = E9F0E888160CCE32003473C3 /* Icon.png */; };
		E9F0E89B160CCE32003473C3 /* Icon@2x.png in Resources */ = {isa = PBXBuildFile; fileRef = E9F0E889160CCE32003473C3 /* Icon@2x.png */; };
		E9F0E89C160CCE32003473C3 /* iTunesArtwork1024 in Resources */ = {isa = PBXBuildFile; fileRef = E9F0E88A160CCE32003473C3 /* iTunesArtwork1024 */; };
		E9F0E89D160CCE32003473C3 /* iTunesArtwork512 in Resources */ = {isa = PBXBuildFile; fileRef = E9F0E88B160CCE32003473C3 /* iTunesArtwork512 */; };
		E9F0E89E160CCE32003473C3 /* Default-568h@2x.png in Resources */ = {isa = PBXBuildFile; fileRef = E9F0E88D160CCE32003473C3 /* Default-568h@2x.png */; };
		E9F0E8A6160CCE5B003473C3 /* Icon.png in Resources */ = {isa = PBXBuildFile; fileRef = E9F0E8A5160CCE5B003473C3 /* Icon.png */; };
		E9F0E8A8160CCE7D003473C3 /* Icon@2x.png in Resources */ = {isa = PBXBuildFile; fileRef = E9F0E8A7160CCE7D003473C3 /* Icon@2x.png */; };
		E9F0E8AA160CCE87003473C3 /* Icon-72.png in Resources */ = {isa = PBXBuildFile; fileRef = E9F0E8A9160CCE87003473C3 /* Icon-72.png */; };
		E9F0E8AC160CCE8B003473C3 /* Icon-72@2x.png in Resources */ = {isa = PBXBuildFile; fileRef = E9F0E8AB160CCE8B003473C3 /* Icon-72@2x.png */; };
		E9F0E8AF160CD5E3003473C3 /* Default.png in Resources */ = {isa = PBXBuildFile; fileRef = E9F0E8AE160CD5E3003473C3 /* Default.png */; };
		E9F0E8B1160CD5EA003473C3 /* Default@2x.png in Resources */ = {isa = PBXBuildFile; fileRef = E9F0E8B0160CD5EA003473C3 /* Default@2x.png */; };
		E9F0E8B5160CDC30003473C3 /* Default-Portrait~ipad.png in Resources */ = {isa = PBXBuildFile; fileRef = E9F0E8B4160CDC30003473C3 /* Default-Portrait~ipad.png */; };
		E9F0E8B7160CDCA7003473C3 /* Default-Portrait@2x~ipad.png in Resources */ = {isa = PBXBuildFile; fileRef = E9F0E8B6160CDCA6003473C3 /* Default-Portrait@2x~ipad.png */; };
		E9F0E8B9160CDCAD003473C3 /* Default-Landscape~ipad.png in Resources */ = {isa = PBXBuildFile; fileRef = E9F0E8B8160CDCAD003473C3 /* Default-Landscape~ipad.png */; };
		E9F0E8BB160CDCB0003473C3 /* Default-Landscape@2x~ipad.png in Resources */ = {isa = PBXBuildFile; fileRef = E9F0E8BA160CDCB0003473C3 /* Default-Landscape@2x~ipad.png */; };
/* End PBXBuildFile section */

/* Begin PBXContainerItemProxy section */
		E906482916098D9E00707299 /* PBXContainerItemProxy */ = {
			isa = PBXContainerItemProxy;
			containerPortal = E906481E16098D9C00707299 /* ShareKit.xcodeproj */;
			proxyType = 2;
			remoteGlobalIDString = 1D6058910D05DD3D006BFB54;
			remoteInfo = "Demo App";
		};
		E906482B16098D9E00707299 /* PBXContainerItemProxy */ = {
			isa = PBXContainerItemProxy;
			containerPortal = E906481E16098D9C00707299 /* ShareKit.xcodeproj */;
			proxyType = 2;
			remoteGlobalIDString = 7AB5342E1552AADD00171BCE;
			remoteInfo = "Static Library";
		};
		E906482D16098D9E00707299 /* PBXContainerItemProxy */ = {
			isa = PBXContainerItemProxy;
			containerPortal = E906481E16098D9C00707299 /* ShareKit.xcodeproj */;
			proxyType = 2;
			remoteGlobalIDString = 7AB5360F1552E26800171BCE;
			remoteInfo = "Resource Bundle";
		};
		E906482F16098D9E00707299 /* PBXContainerItemProxy */ = {
			isa = PBXContainerItemProxy;
			containerPortal = E906481E16098D9C00707299 /* ShareKit.xcodeproj */;
			proxyType = 2;
			remoteGlobalIDString = 7A0F9246156BA2A0009CB40A;
			remoteInfo = "Static Library No Submodules";
		};
		E906483116098DEB00707299 /* PBXContainerItemProxy */ = {
			isa = PBXContainerItemProxy;
			containerPortal = E906481E16098D9C00707299 /* ShareKit.xcodeproj */;
			proxyType = 1;
			remoteGlobalIDString = 7AB5342D1552AADD00171BCE;
			remoteInfo = "Static Library";
		};
		E906483316098DEB00707299 /* PBXContainerItemProxy */ = {
			isa = PBXContainerItemProxy;
			containerPortal = E906481E16098D9C00707299 /* ShareKit.xcodeproj */;
			proxyType = 1;
			remoteGlobalIDString = 7AB5360E1552E26800171BCE;
			remoteInfo = "Resource Bundle";
		};
/* End PBXContainerItemProxy section */

/* Begin PBXFileReference section */
		E90296A4160B96A30091F5ED /* details-photo-mask.png */ = {isa = PBXFileReference; lastKnownFileType = image.png; path = "details-photo-mask.png"; sourceTree = "<group>"; };
		E90296A5160B96A30091F5ED /* details-photo-mask@2x.png */ = {isa = PBXFileReference; lastKnownFileType = image.png; path = "details-photo-mask@2x.png"; sourceTree = "<group>"; };
		E90296A6160B96A30091F5ED /* ingredients-list.png */ = {isa = PBXFileReference; lastKnownFileType = image.png; path = "ingredients-list.png"; sourceTree = "<group>"; };
		E90296A7160B96A30091F5ED /* ingredients-list@2x.png */ = {isa = PBXFileReference; lastKnownFileType = image.png; path = "ingredients-list@2x.png"; sourceTree = "<group>"; };
		E90296AC160BB7BC0091F5ED /* scroll-ipad.png */ = {isa = PBXFileReference; lastKnownFileType = image.png; path = "scroll-ipad.png"; sourceTree = "<group>"; };
		E90296AE160BBF0B0091F5ED /* scroll iphone.png */ = {isa = PBXFileReference; lastKnownFileType = image.png; path = "scroll iphone.png"; sourceTree = "<group>"; };
		E90646A816048D0E00707299 /* MessageUI.framework */ = {isa = PBXFileReference; lastKnownFileType = wrapper.framework; name = MessageUI.framework; path = System/Library/Frameworks/MessageUI.framework; sourceTree = SDKROOT; };
		E90646E616087B4200707299 /* back.png */ = {isa = PBXFileReference; lastKnownFileType = image.png; path = back.png; sourceTree = "<group>"; };
		E90646E716087B4200707299 /* back@2x.png */ = {isa = PBXFileReference; lastKnownFileType = image.png; path = "back@2x.png"; sourceTree = "<group>"; };
		E90646FA16087B4200707299 /* ipad-arrow-selected.png */ = {isa = PBXFileReference; lastKnownFileType = image.png; path = "ipad-arrow-selected.png"; sourceTree = "<group>"; };
		E90646FB16087B4200707299 /* ipad-arrow-selected@2x.png */ = {isa = PBXFileReference; lastKnownFileType = image.png; path = "ipad-arrow-selected@2x.png"; sourceTree = "<group>"; };
		E90646FC16087B4200707299 /* ipad-arrow.png */ = {isa = PBXFileReference; lastKnownFileType = image.png; path = "ipad-arrow.png"; sourceTree = "<group>"; };
		E90646FD16087B4200707299 /* ipad-arrow@2x.png */ = {isa = PBXFileReference; lastKnownFileType = image.png; path = "ipad-arrow@2x.png"; sourceTree = "<group>"; };
		E90646FE16087B4200707299 /* ipad-back.png */ = {isa = PBXFileReference; lastKnownFileType = image.png; path = "ipad-back.png"; sourceTree = "<group>"; };
		E90646FF16087B4200707299 /* ipad-back@2x.png */ = {isa = PBXFileReference; lastKnownFileType = image.png; path = "ipad-back@2x.png"; sourceTree = "<group>"; };
		E906470016087B4200707299 /* ipad-BG-pattern.png */ = {isa = PBXFileReference; lastKnownFileType = image.png; path = "ipad-BG-pattern.png"; sourceTree = "<group>"; };
		E906470116087B4200707299 /* ipad-BG-pattern@2x.png */ = {isa = PBXFileReference; lastKnownFileType = image.png; path = "ipad-BG-pattern@2x.png"; sourceTree = "<group>"; };
		E906470216087B4200707299 /* ipad-BG-split.png */ = {isa = PBXFileReference; lastKnownFileType = image.png; path = "ipad-BG-split.png"; sourceTree = "<group>"; };
		E906470316087B4200707299 /* ipad-BG-split@2x.png */ = {isa = PBXFileReference; lastKnownFileType = image.png; path = "ipad-BG-split@2x.png"; sourceTree = "<group>"; };
		E906470416087B4200707299 /* ipad-BG.png */ = {isa = PBXFileReference; lastKnownFileType = image.png; path = "ipad-BG.png"; sourceTree = "<group>"; };
		E906470516087B4200707299 /* ipad-BG@2x.png */ = {isa = PBXFileReference; lastKnownFileType = image.png; path = "ipad-BG@2x.png"; sourceTree = "<group>"; };
		E906470616087B4200707299 /* ipad-button-blue-pressed.png */ = {isa = PBXFileReference; lastKnownFileType = image.png; path = "ipad-button-blue-pressed.png"; sourceTree = "<group>"; };
		E906470716087B4200707299 /* ipad-button-blue-pressed@2x.png */ = {isa = PBXFileReference; lastKnownFileType = image.png; path = "ipad-button-blue-pressed@2x.png"; sourceTree = "<group>"; };
		E906470816087B4200707299 /* ipad-button-blue.png */ = {isa = PBXFileReference; lastKnownFileType = image.png; path = "ipad-button-blue.png"; sourceTree = "<group>"; };
		E906470916087B4200707299 /* ipad-button-blue@2x.png */ = {isa = PBXFileReference; lastKnownFileType = image.png; path = "ipad-button-blue@2x.png"; sourceTree = "<group>"; };
		E906471616087B4200707299 /* ipad-list-element.png */ = {isa = PBXFileReference; lastKnownFileType = image.png; path = "ipad-list-element.png"; sourceTree = "<group>"; };
		E906471716087B4200707299 /* ipad-list-element@2x.png */ = {isa = PBXFileReference; lastKnownFileType = image.png; path = "ipad-list-element@2x.png"; sourceTree = "<group>"; };
		E906471816087B4200707299 /* ipad-list-item-selected.png */ = {isa = PBXFileReference; lastKnownFileType = image.png; path = "ipad-list-item-selected.png"; sourceTree = "<group>"; };
		E906471916087B4200707299 /* ipad-list-item-selected@2x.png */ = {isa = PBXFileReference; lastKnownFileType = image.png; path = "ipad-list-item-selected@2x.png"; sourceTree = "<group>"; };
		E906471A16087B4200707299 /* ipad-menu-bar.png */ = {isa = PBXFileReference; lastKnownFileType = image.png; path = "ipad-menu-bar.png"; sourceTree = "<group>"; };
		E906471B16087B4200707299 /* ipad-menu-bar@2x.png */ = {isa = PBXFileReference; lastKnownFileType = image.png; path = "ipad-menu-bar@2x.png"; sourceTree = "<group>"; };
		E906472016087B4200707299 /* ipad-menubar-button.png */ = {isa = PBXFileReference; lastKnownFileType = image.png; path = "ipad-menubar-button.png"; sourceTree = "<group>"; };
		E906472116087B4200707299 /* ipad-menubar-button@2x.png */ = {isa = PBXFileReference; lastKnownFileType = image.png; path = "ipad-menubar-button@2x.png"; sourceTree = "<group>"; };
		E906472216087B4200707299 /* ipad-menubar-left.png */ = {isa = PBXFileReference; lastKnownFileType = image.png; path = "ipad-menubar-left.png"; sourceTree = "<group>"; };
		E906472316087B4200707299 /* ipad-menubar-left@2x.png */ = {isa = PBXFileReference; lastKnownFileType = image.png; path = "ipad-menubar-left@2x.png"; sourceTree = "<group>"; };
		E906472416087B4200707299 /* ipad-menubar-right.png */ = {isa = PBXFileReference; lastKnownFileType = image.png; path = "ipad-menubar-right.png"; sourceTree = "<group>"; };
		E906472516087B4200707299 /* ipad-menubar-right@2x.png */ = {isa = PBXFileReference; lastKnownFileType = image.png; path = "ipad-menubar-right@2x.png"; sourceTree = "<group>"; };
		E906473C16087B4200707299 /* list-item-bg.png */ = {isa = PBXFileReference; lastKnownFileType = image.png; path = "list-item-bg.png"; sourceTree = "<group>"; };
		E906473D16087B4200707299 /* list-item-bg@2x.png */ = {isa = PBXFileReference; lastKnownFileType = image.png; path = "list-item-bg@2x.png"; sourceTree = "<group>"; };
		E906473E16087B4200707299 /* menubar-button.png */ = {isa = PBXFileReference; lastKnownFileType = image.png; path = "menubar-button.png"; sourceTree = "<group>"; };
		E906473F16087B4200707299 /* menubar-button@2x.png */ = {isa = PBXFileReference; lastKnownFileType = image.png; path = "menubar-button@2x.png"; sourceTree = "<group>"; };
		E906474016087B4200707299 /* menubar.png */ = {isa = PBXFileReference; lastKnownFileType = image.png; path = menubar.png; sourceTree = "<group>"; };
		E906474116087B4200707299 /* menubar@2x.png */ = {isa = PBXFileReference; lastKnownFileType = image.png; path = "menubar@2x.png"; sourceTree = "<group>"; };
		E906481B1608845A00707299 /* MasterCell.h */ = {isa = PBXFileReference; fileEncoding = 4; lastKnownFileType = sourcecode.c.h; path = MasterCell.h; sourceTree = "<group>"; };
		E906481C1608845A00707299 /* MasterCell.m */ = {isa = PBXFileReference; fileEncoding = 4; lastKnownFileType = sourcecode.c.objc; path = MasterCell.m; sourceTree = "<group>"; };
		E906481E16098D9C00707299 /* ShareKit.xcodeproj */ = {isa = PBXFileReference; lastKnownFileType = "wrapper.pb-project"; name = ShareKit.xcodeproj; path = Submodules/ShareKit/ShareKit.xcodeproj; sourceTree = "<group>"; };
		E906483716098F4800707299 /* CoreFoundation.framework */ = {isa = PBXFileReference; lastKnownFileType = wrapper.framework; name = CoreFoundation.framework; path = System/Library/Frameworks/CoreFoundation.framework; sourceTree = SDKROOT; };
		E906483916098F5400707299 /* Twitter.framework */ = {isa = PBXFileReference; lastKnownFileType = wrapper.framework; name = Twitter.framework; path = System/Library/Frameworks/Twitter.framework; sourceTree = SDKROOT; };
		E906483B16098F6B00707299 /* CoreLocation.framework */ = {isa = PBXFileReference; lastKnownFileType = wrapper.framework; name = CoreLocation.framework; path = System/Library/Frameworks/CoreLocation.framework; sourceTree = SDKROOT; };
		E906483D160993DE00707299 /* ShareKitDuaConfigurator.h */ = {isa = PBXFileReference; fileEncoding = 4; lastKnownFileType = sourcecode.c.h; path = ShareKitDuaConfigurator.h; sourceTree = "<group>"; };
		E906483E160993DE00707299 /* ShareKitDuaConfigurator.m */ = {isa = PBXFileReference; fileEncoding = 4; lastKnownFileType = sourcecode.c.objc; path = ShareKitDuaConfigurator.m; sourceTree = "<group>"; };
		E994EF50160CA13E00CDD5C5 /* Dua.entitlements */ = {isa = PBXFileReference; lastKnownFileType = text.xml; path = Dua.entitlements; sourceTree = "<group>"; };
		E9E0B6C215FFAD3200C74C61 /* Dua.app */ = {isa = PBXFileReference; explicitFileType = wrapper.application; includeInIndex = 0; path = Dua.app; sourceTree = BUILT_PRODUCTS_DIR; };
		E9E0B6C615FFAD3200C74C61 /* UIKit.framework */ = {isa = PBXFileReference; lastKnownFileType = wrapper.framework; name = UIKit.framework; path = System/Library/Frameworks/UIKit.framework; sourceTree = SDKROOT; };
		E9E0B6C815FFAD3200C74C61 /* Foundation.framework */ = {isa = PBXFileReference; lastKnownFileType = wrapper.framework; name = Foundation.framework; path = System/Library/Frameworks/Foundation.framework; sourceTree = SDKROOT; };
		E9E0B6CA15FFAD3200C74C61 /* CoreGraphics.framework */ = {isa = PBXFileReference; lastKnownFileType = wrapper.framework; name = CoreGraphics.framework; path = System/Library/Frameworks/CoreGraphics.framework; sourceTree = SDKROOT; };
		E9E0B6CE15FFAD3200C74C61 /* Dua-Info.plist */ = {isa = PBXFileReference; lastKnownFileType = text.plist.xml; path = "Dua-Info.plist"; sourceTree = "<group>"; };
		E9E0B6D015FFAD3200C74C61 /* en */ = {isa = PBXFileReference; lastKnownFileType = text.plist.strings; name = en; path = en.lproj/InfoPlist.strings; sourceTree = "<group>"; };
		E9E0B6D215FFAD3200C74C61 /* main.m */ = {isa = PBXFileReference; lastKnownFileType = sourcecode.c.objc; path = main.m; sourceTree = "<group>"; };
		E9E0B6D415FFAD3200C74C61 /* Dua-Prefix.pch */ = {isa = PBXFileReference; lastKnownFileType = sourcecode.c.h; path = "Dua-Prefix.pch"; sourceTree = "<group>"; };
		E9E0B6D515FFAD3200C74C61 /* DuaAppDelegate.h */ = {isa = PBXFileReference; lastKnownFileType = sourcecode.c.h; path = DuaAppDelegate.h; sourceTree = "<group>"; };
		E9E0B6D615FFAD3200C74C61 /* DuaAppDelegate.m */ = {isa = PBXFileReference; lastKnownFileType = sourcecode.c.objc; path = DuaAppDelegate.m; sourceTree = "<group>"; };
		E9E0B6D915FFAD3300C74C61 /* en */ = {isa = PBXFileReference; lastKnownFileType = file.storyboard; name = en; path = en.lproj/MainStoryboard_iPhone.storyboard; sourceTree = "<group>"; };
		E9E0B6DC15FFAD3300C74C61 /* en */ = {isa = PBXFileReference; lastKnownFileType = file.storyboard; name = en; path = en.lproj/MainStoryboard_iPad.storyboard; sourceTree = "<group>"; };
		E9E0B6DE15FFAD3300C74C61 /* DuaMasterViewController.h */ = {isa = PBXFileReference; lastKnownFileType = sourcecode.c.h; path = DuaMasterViewController.h; sourceTree = "<group>"; };
		E9E0B6DF15FFAD3300C74C61 /* DuaMasterViewController.m */ = {isa = PBXFileReference; lastKnownFileType = sourcecode.c.objc; path = DuaMasterViewController.m; sourceTree = "<group>"; };
		E9E0B6E115FFAD3300C74C61 /* DuaDetailViewController.h */ = {isa = PBXFileReference; lastKnownFileType = sourcecode.c.h; path = DuaDetailViewController.h; sourceTree = "<group>"; };
		E9E0B6E215FFAD3300C74C61 /* DuaDetailViewController.m */ = {isa = PBXFileReference; lastKnownFileType = sourcecode.c.objc; path = DuaDetailViewController.m; sourceTree = "<group>"; };
		E9E0B6E915FFAD6D00C74C61 /* Parse.framework */ = {isa = PBXFileReference; lastKnownFileType = wrapper.framework; path = Parse.framework; sourceTree = "<group>"; };
		E9E0B6EB15FFAE9600C74C61 /* AudioToolbox.framework */ = {isa = PBXFileReference; lastKnownFileType = wrapper.framework; name = AudioToolbox.framework; path = System/Library/Frameworks/AudioToolbox.framework; sourceTree = SDKROOT; };
		E9E0B6ED15FFAE9C00C74C61 /* CFNetwork.framework */ = {isa = PBXFileReference; lastKnownFileType = wrapper.framework; name = CFNetwork.framework; path = System/Library/Frameworks/CFNetwork.framework; sourceTree = SDKROOT; };
		E9E0B6EF15FFAEAA00C74C61 /* libsqlite3.dylib */ = {isa = PBXFileReference; lastKnownFileType = "compiled.mach-o.dylib"; name = libsqlite3.dylib; path = usr/lib/libsqlite3.dylib; sourceTree = SDKROOT; };
		E9E0B6F115FFAEB800C74C61 /* libz.1.1.3.dylib */ = {isa = PBXFileReference; lastKnownFileType = "compiled.mach-o.dylib"; name = libz.1.1.3.dylib; path = usr/lib/libz.1.1.3.dylib; sourceTree = SDKROOT; };
		E9E0B6F315FFAEC200C74C61 /* MobileCoreServices.framework */ = {isa = PBXFileReference; lastKnownFileType = wrapper.framework; name = MobileCoreServices.framework; path = System/Library/Frameworks/MobileCoreServices.framework; sourceTree = SDKROOT; };
		E9E0B6F515FFAECA00C74C61 /* QuartzCore.framework */ = {isa = PBXFileReference; lastKnownFileType = wrapper.framework; name = QuartzCore.framework; path = System/Library/Frameworks/QuartzCore.framework; sourceTree = SDKROOT; };
		E9E0B6F715FFAED100C74C61 /* Security.framework */ = {isa = PBXFileReference; lastKnownFileType = wrapper.framework; name = Security.framework; path = System/Library/Frameworks/Security.framework; sourceTree = SDKROOT; };
		E9E0B6F915FFAED900C74C61 /* StoreKit.framework */ = {isa = PBXFileReference; lastKnownFileType = wrapper.framework; name = StoreKit.framework; path = System/Library/Frameworks/StoreKit.framework; sourceTree = SDKROOT; };
		E9E0B6FB15FFAEE200C74C61 /* SystemConfiguration.framework */ = {isa = PBXFileReference; lastKnownFileType = wrapper.framework; name = SystemConfiguration.framework; path = System/Library/Frameworks/SystemConfiguration.framework; sourceTree = SDKROOT; };
		E9F0E884160CCE32003473C3 /* Icon-Small-50.png */ = {isa = PBXFileReference; lastKnownFileType = image.png; path = "Icon-Small-50.png"; sourceTree = "<group>"; };
		E9F0E885160CCE32003473C3 /* Icon-Small-50@2x.png */ = {isa = PBXFileReference; lastKnownFileType = image.png; path = "Icon-Small-50@2x.png"; sourceTree = "<group>"; };
		E9F0E886160CCE32003473C3 /* Icon-Small.png */ = {isa = PBXFileReference; lastKnownFileType = image.png; path = "Icon-Small.png"; sourceTree = "<group>"; };
		E9F0E887160CCE32003473C3 /* Icon-Small@2x.png */ = {isa = PBXFileReference; lastKnownFileType = image.png; path = "Icon-Small@2x.png"; sourceTree = "<group>"; };
		E9F0E888160CCE32003473C3 /* Icon.png */ = {isa = PBXFileReference; lastKnownFileType = image.png; path = Icon.png; sourceTree = "<group>"; };
		E9F0E889160CCE32003473C3 /* Icon@2x.png */ = {isa = PBXFileReference; lastKnownFileType = image.png; path = "Icon@2x.png"; sourceTree = "<group>"; };
		E9F0E88A160CCE32003473C3 /* iTunesArtwork1024 */ = {isa = PBXFileReference; lastKnownFileType = file; path = iTunesArtwork1024; sourceTree = "<group>"; };
		E9F0E88B160CCE32003473C3 /* iTunesArtwork512 */ = {isa = PBXFileReference; lastKnownFileType = file; path = iTunesArtwork512; sourceTree = "<group>"; };
		E9F0E88D160CCE32003473C3 /* Default-568h@2x.png */ = {isa = PBXFileReference; lastKnownFileType = image.png; path = "Default-568h@2x.png"; sourceTree = "<group>"; };
		E9F0E8A5160CCE5B003473C3 /* Icon.png */ = {isa = PBXFileReference; lastKnownFileType = image.png; name = Icon.png; path = ../../../Icon.png; sourceTree = "<group>"; };
		E9F0E8A7160CCE7D003473C3 /* Icon@2x.png */ = {isa = PBXFileReference; lastKnownFileType = image.png; name = "Icon@2x.png"; path = "../../../Icon@2x.png"; sourceTree = "<group>"; };
		E9F0E8A9160CCE87003473C3 /* Icon-72.png */ = {isa = PBXFileReference; lastKnownFileType = image.png; name = "Icon-72.png"; path = "../../../Icon-72.png"; sourceTree = "<group>"; };
		E9F0E8AB160CCE8B003473C3 /* Icon-72@2x.png */ = {isa = PBXFileReference; lastKnownFileType = image.png; name = "Icon-72@2x.png"; path = "../../../Icon-72@2x.png"; sourceTree = "<group>"; };
		E9F0E8AE160CD5E3003473C3 /* Default.png */ = {isa = PBXFileReference; lastKnownFileType = image.png; name = Default.png; path = ../../../Default.png; sourceTree = "<group>"; };
		E9F0E8B0160CD5EA003473C3 /* Default@2x.png */ = {isa = PBXFileReference; lastKnownFileType = image.png; name = "Default@2x.png"; path = "../../../Default@2x.png"; sourceTree = "<group>"; };
		E9F0E8B4160CDC30003473C3 /* Default-Portrait~ipad.png */ = {isa = PBXFileReference; lastKnownFileType = image.png; name = "Default-Portrait~ipad.png"; path = "../../../Default-Portrait~ipad.png"; sourceTree = "<group>"; };
		E9F0E8B6160CDCA6003473C3 /* Default-Portrait@2x~ipad.png */ = {isa = PBXFileReference; lastKnownFileType = image.png; name = "Default-Portrait@2x~ipad.png"; path = "../../../Default-Portrait@2x~ipad.png"; sourceTree = "<group>"; };
		E9F0E8B8160CDCAD003473C3 /* Default-Landscape~ipad.png */ = {isa = PBXFileReference; lastKnownFileType = image.png; name = "Default-Landscape~ipad.png"; path = "../../../Default-Landscape~ipad.png"; sourceTree = "<group>"; };
		E9F0E8BA160CDCB0003473C3 /* Default-Landscape@2x~ipad.png */ = {isa = PBXFileReference; lastKnownFileType = image.png; name = "Default-Landscape@2x~ipad.png"; path = "../../../Default-Landscape@2x~ipad.png"; sourceTree = "<group>"; };
/* End PBXFileReference section */

/* Begin PBXFrameworksBuildPhase section */
		E9E0B6BF15FFAD3200C74C61 /* Frameworks */ = {
			isa = PBXFrameworksBuildPhase;
			buildActionMask = 2147483647;
			files = (
				E906483C16098F6C00707299 /* CoreLocation.framework in Frameworks */,
				E906483A16098F5400707299 /* Twitter.framework in Frameworks */,
				E906483816098F4800707299 /* CoreFoundation.framework in Frameworks */,
				E906483516098E1300707299 /* libShareKit.a in Frameworks */,
				E90646A916048D0E00707299 /* MessageUI.framework in Frameworks */,
				E9E0B6FC15FFAEE200C74C61 /* SystemConfiguration.framework in Frameworks */,
				E9E0B6FA15FFAED900C74C61 /* StoreKit.framework in Frameworks */,
				E9E0B6F815FFAED100C74C61 /* Security.framework in Frameworks */,
				E9E0B6F615FFAECA00C74C61 /* QuartzCore.framework in Frameworks */,
				E9E0B6F415FFAEC200C74C61 /* MobileCoreServices.framework in Frameworks */,
				E9E0B6F215FFAEB800C74C61 /* libz.1.1.3.dylib in Frameworks */,
				E9E0B6F015FFAEAA00C74C61 /* libsqlite3.dylib in Frameworks */,
				E9E0B6EE15FFAE9C00C74C61 /* CFNetwork.framework in Frameworks */,
				E9E0B6EC15FFAE9600C74C61 /* AudioToolbox.framework in Frameworks */,
				E9E0B6C715FFAD3200C74C61 /* UIKit.framework in Frameworks */,
				E9E0B6C915FFAD3200C74C61 /* Foundation.framework in Frameworks */,
				E9E0B6CB15FFAD3200C74C61 /* CoreGraphics.framework in Frameworks */,
				E9E0B6EA15FFAD6D00C74C61 /* Parse.framework in Frameworks */,
			);
			runOnlyForDeploymentPostprocessing = 0;
		};
/* End PBXFrameworksBuildPhase section */

/* Begin PBXGroup section */
		E90646D616087B2800707299 /* Resources */ = {
			isa = PBXGroup;
			children = (
				E9F0E881160CCE32003473C3 /* icons */,
				E9F0E88C160CCE32003473C3 /* splash */,
				E90296AE160BBF0B0091F5ED /* scroll iphone.png */,
				E90296AC160BB7BC0091F5ED /* scroll-ipad.png */,
				E90296A4160B96A30091F5ED /* details-photo-mask.png */,
				E90296A5160B96A30091F5ED /* details-photo-mask@2x.png */,
				E90296A6160B96A30091F5ED /* ingredients-list.png */,
				E90296A7160B96A30091F5ED /* ingredients-list@2x.png */,
				E90646E616087B4200707299 /* back.png */,
				E90646E716087B4200707299 /* back@2x.png */,
				E90646FA16087B4200707299 /* ipad-arrow-selected.png */,
				E90646FB16087B4200707299 /* ipad-arrow-selected@2x.png */,
				E90646FC16087B4200707299 /* ipad-arrow.png */,
				E90646FD16087B4200707299 /* ipad-arrow@2x.png */,
				E90646FE16087B4200707299 /* ipad-back.png */,
				E90646FF16087B4200707299 /* ipad-back@2x.png */,
				E906470016087B4200707299 /* ipad-BG-pattern.png */,
				E906470116087B4200707299 /* ipad-BG-pattern@2x.png */,
				E906470216087B4200707299 /* ipad-BG-split.png */,
				E906470316087B4200707299 /* ipad-BG-split@2x.png */,
				E906470416087B4200707299 /* ipad-BG.png */,
				E906470516087B4200707299 /* ipad-BG@2x.png */,
				E906470616087B4200707299 /* ipad-button-blue-pressed.png */,
				E906470716087B4200707299 /* ipad-button-blue-pressed@2x.png */,
				E906470816087B4200707299 /* ipad-button-blue.png */,
				E906470916087B4200707299 /* ipad-button-blue@2x.png */,
				E906471616087B4200707299 /* ipad-list-element.png */,
				E906471716087B4200707299 /* ipad-list-element@2x.png */,
				E906471816087B4200707299 /* ipad-list-item-selected.png */,
				E906471916087B4200707299 /* ipad-list-item-selected@2x.png */,
				E906471A16087B4200707299 /* ipad-menu-bar.png */,
				E906471B16087B4200707299 /* ipad-menu-bar@2x.png */,
				E906472016087B4200707299 /* ipad-menubar-button.png */,
				E906472116087B4200707299 /* ipad-menubar-button@2x.png */,
				E906472216087B4200707299 /* ipad-menubar-left.png */,
				E906472316087B4200707299 /* ipad-menubar-left@2x.png */,
				E906472416087B4200707299 /* ipad-menubar-right.png */,
				E906472516087B4200707299 /* ipad-menubar-right@2x.png */,
				E906473C16087B4200707299 /* list-item-bg.png */,
				E906473D16087B4200707299 /* list-item-bg@2x.png */,
				E906473E16087B4200707299 /* menubar-button.png */,
				E906473F16087B4200707299 /* menubar-button@2x.png */,
				E906474016087B4200707299 /* menubar.png */,
				E906474116087B4200707299 /* menubar@2x.png */,
			);
			path = Resources;
			sourceTree = "<group>";
		};
		E906481F16098D9C00707299 /* Products */ = {
			isa = PBXGroup;
			children = (
				E906482A16098D9E00707299 /* ShareKitDemo.app */,
				E906482C16098D9E00707299 /* libShareKit.a */,
				E906482E16098D9E00707299 /* ShareKit.bundle */,
				E906483016098D9E00707299 /* libShareKitNoSubmodules.a */,
			);
			name = Products;
			sourceTree = "<group>";
		};
		E9E0B6B715FFAD3200C74C61 = {
			isa = PBXGroup;
			children = (
				E906481E16098D9C00707299 /* ShareKit.xcodeproj */,
				E9E0B6CC15FFAD3200C74C61 /* Dua */,
				E9E0B6C515FFAD3200C74C61 /* Frameworks */,
				E9E0B6C315FFAD3200C74C61 /* Products */,
			);
			sourceTree = "<group>";
		};
		E9E0B6C315FFAD3200C74C61 /* Products */ = {
			isa = PBXGroup;
			children = (
				E9E0B6C215FFAD3200C74C61 /* Dua.app */,
			);
			name = Products;
			sourceTree = "<group>";
		};
		E9E0B6C515FFAD3200C74C61 /* Frameworks */ = {
			isa = PBXGroup;
			children = (
				E906483B16098F6B00707299 /* CoreLocation.framework */,
				E906483916098F5400707299 /* Twitter.framework */,
				E906483716098F4800707299 /* CoreFoundation.framework */,
				E90646A816048D0E00707299 /* MessageUI.framework */,
				E9E0B6FB15FFAEE200C74C61 /* SystemConfiguration.framework */,
				E9E0B6F915FFAED900C74C61 /* StoreKit.framework */,
				E9E0B6F715FFAED100C74C61 /* Security.framework */,
				E9E0B6F515FFAECA00C74C61 /* QuartzCore.framework */,
				E9E0B6F315FFAEC200C74C61 /* MobileCoreServices.framework */,
				E9E0B6F115FFAEB800C74C61 /* libz.1.1.3.dylib */,
				E9E0B6EF15FFAEAA00C74C61 /* libsqlite3.dylib */,
				E9E0B6ED15FFAE9C00C74C61 /* CFNetwork.framework */,
				E9E0B6EB15FFAE9600C74C61 /* AudioToolbox.framework */,
				E9E0B6E915FFAD6D00C74C61 /* Parse.framework */,
				E9E0B6C615FFAD3200C74C61 /* UIKit.framework */,
				E9E0B6C815FFAD3200C74C61 /* Foundation.framework */,
				E9E0B6CA15FFAD3200C74C61 /* CoreGraphics.framework */,
			);
			name = Frameworks;
			sourceTree = "<group>";
		};
		E9E0B6CC15FFAD3200C74C61 /* Dua */ = {
			isa = PBXGroup;
			children = (
				E994EF50160CA13E00CDD5C5 /* Dua.entitlements */,
				E906483D160993DE00707299 /* ShareKitDuaConfigurator.h */,
				E906483E160993DE00707299 /* ShareKitDuaConfigurator.m */,
				E9E0B6D515FFAD3200C74C61 /* DuaAppDelegate.h */,
				E9E0B6D615FFAD3200C74C61 /* DuaAppDelegate.m */,
				E9E0B6D815FFAD3300C74C61 /* MainStoryboard_iPhone.storyboard */,
				E9E0B6DB15FFAD3300C74C61 /* MainStoryboard_iPad.storyboard */,
				E906481B1608845A00707299 /* MasterCell.h */,
				E906481C1608845A00707299 /* MasterCell.m */,
				E9E0B6DE15FFAD3300C74C61 /* DuaMasterViewController.h */,
				E9E0B6DF15FFAD3300C74C61 /* DuaMasterViewController.m */,
				E9E0B6E115FFAD3300C74C61 /* DuaDetailViewController.h */,
				E9E0B6E215FFAD3300C74C61 /* DuaDetailViewController.m */,
				E90646D616087B2800707299 /* Resources */,
				E9E0B6CD15FFAD3200C74C61 /* Supporting Files */,
			);
			path = Dua;
			sourceTree = "<group>";
		};
		E9E0B6CD15FFAD3200C74C61 /* Supporting Files */ = {
			isa = PBXGroup;
			children = (
				E9E0B6CE15FFAD3200C74C61 /* Dua-Info.plist */,
				E9E0B6CF15FFAD3200C74C61 /* InfoPlist.strings */,
				E9E0B6D215FFAD3200C74C61 /* main.m */,
				E9E0B6D415FFAD3200C74C61 /* Dua-Prefix.pch */,
			);
			name = "Supporting Files";
			sourceTree = "<group>";
		};
		E9F0E881160CCE32003473C3 /* icons */ = {
			isa = PBXGroup;
			children = (
				E9F0E8AB160CCE8B003473C3 /* Icon-72@2x.png */,
				E9F0E8A9160CCE87003473C3 /* Icon-72.png */,
				E9F0E8A7160CCE7D003473C3 /* Icon@2x.png */,
				E9F0E8A5160CCE5B003473C3 /* Icon.png */,
				E9F0E884160CCE32003473C3 /* Icon-Small-50.png */,
				E9F0E885160CCE32003473C3 /* Icon-Small-50@2x.png */,
				E9F0E886160CCE32003473C3 /* Icon-Small.png */,
				E9F0E887160CCE32003473C3 /* Icon-Small@2x.png */,
				E9F0E888160CCE32003473C3 /* Icon.png */,
				E9F0E889160CCE32003473C3 /* Icon@2x.png */,
				E9F0E88A160CCE32003473C3 /* iTunesArtwork1024 */,
				E9F0E88B160CCE32003473C3 /* iTunesArtwork512 */,
			);
			path = icons;
			sourceTree = "<group>";
		};
		E9F0E88C160CCE32003473C3 /* splash */ = {
			isa = PBXGroup;
			children = (
				E9F0E8BA160CDCB0003473C3 /* Default-Landscape@2x~ipad.png */,
				E9F0E8B8160CDCAD003473C3 /* Default-Landscape~ipad.png */,
				E9F0E8B6160CDCA6003473C3 /* Default-Portrait@2x~ipad.png */,
				E9F0E8B4160CDC30003473C3 /* Default-Portrait~ipad.png */,
				E9F0E8B0160CD5EA003473C3 /* Default@2x.png */,
				E9F0E8AE160CD5E3003473C3 /* Default.png */,
				E9F0E88D160CCE32003473C3 /* Default-568h@2x.png */,
			);
			path = splash;
			sourceTree = "<group>";
		};
/* End PBXGroup section */

/* Begin PBXNativeTarget section */
		E9E0B6C115FFAD3200C74C61 /* Dua */ = {
			isa = PBXNativeTarget;
			buildConfigurationList = E9E0B6E615FFAD3300C74C61 /* Build configuration list for PBXNativeTarget "Dua" */;
			buildPhases = (
				E9E0B6BE15FFAD3200C74C61 /* Sources */,
				E9E0B6BF15FFAD3200C74C61 /* Frameworks */,
				E9E0B6C015FFAD3200C74C61 /* Resources */,
			);
			buildRules = (
			);
			dependencies = (
				E906483216098DEB00707299 /* PBXTargetDependency */,
				E906483416098DEB00707299 /* PBXTargetDependency */,
			);
			name = Dua;
			productName = Dua;
			productReference = E9E0B6C215FFAD3200C74C61 /* Dua.app */;
			productType = "com.apple.product-type.application";
		};
/* End PBXNativeTarget section */

/* Begin PBXProject section */
		E9E0B6B915FFAD3200C74C61 /* Project object */ = {
			isa = PBXProject;
			attributes = {
				CLASSPREFIX = Dua;
				LastUpgradeCheck = 0450;
				ORGANIZATIONNAME = "Khalid Ahmed";
			};
			buildConfigurationList = E9E0B6BC15FFAD3200C74C61 /* Build configuration list for PBXProject "Dua" */;
			compatibilityVersion = "Xcode 3.2";
			developmentRegion = English;
			hasScannedForEncodings = 0;
			knownRegions = (
				en,
				de,
			);
			mainGroup = E9E0B6B715FFAD3200C74C61;
			productRefGroup = E9E0B6C315FFAD3200C74C61 /* Products */;
			projectDirPath = "";
			projectReferences = (
				{
					ProductGroup = E906481F16098D9C00707299 /* Products */;
					ProjectRef = E906481E16098D9C00707299 /* ShareKit.xcodeproj */;
				},
			);
			projectRoot = "";
			targets = (
				E9E0B6C115FFAD3200C74C61 /* Dua */,
			);
		};
/* End PBXProject section */

/* Begin PBXReferenceProxy section */
		E906482A16098D9E00707299 /* ShareKitDemo.app */ = {
			isa = PBXReferenceProxy;
			fileType = wrapper.application;
			path = ShareKitDemo.app;
			remoteRef = E906482916098D9E00707299 /* PBXContainerItemProxy */;
			sourceTree = BUILT_PRODUCTS_DIR;
		};
		E906482C16098D9E00707299 /* libShareKit.a */ = {
			isa = PBXReferenceProxy;
			fileType = archive.ar;
			path = libShareKit.a;
			remoteRef = E906482B16098D9E00707299 /* PBXContainerItemProxy */;
			sourceTree = BUILT_PRODUCTS_DIR;
		};
		E906482E16098D9E00707299 /* ShareKit.bundle */ = {
			isa = PBXReferenceProxy;
			fileType = wrapper.cfbundle;
			path = ShareKit.bundle;
			remoteRef = E906482D16098D9E00707299 /* PBXContainerItemProxy */;
			sourceTree = BUILT_PRODUCTS_DIR;
		};
		E906483016098D9E00707299 /* libShareKitNoSubmodules.a */ = {
			isa = PBXReferenceProxy;
			fileType = archive.ar;
			path = libShareKitNoSubmodules.a;
			remoteRef = E906482F16098D9E00707299 /* PBXContainerItemProxy */;
			sourceTree = BUILT_PRODUCTS_DIR;
		};
/* End PBXReferenceProxy section */

/* Begin PBXResourcesBuildPhase section */
		E9E0B6C015FFAD3200C74C61 /* Resources */ = {
			isa = PBXResourcesBuildPhase;
			buildActionMask = 2147483647;
			files = (
				E9E0B6D115FFAD3200C74C61 /* InfoPlist.strings in Resources */,
				E9E0B6DA15FFAD3300C74C61 /* MainStoryboard_iPhone.storyboard in Resources */,
				E9E0B6DD15FFAD3300C74C61 /* MainStoryboard_iPad.storyboard in Resources */,
				E906478816087B4300707299 /* back.png in Resources */,
				E906478916087B4300707299 /* back@2x.png in Resources */,
				E906479C16087B4300707299 /* ipad-arrow-selected.png in Resources */,
				E906479D16087B4300707299 /* ipad-arrow-selected@2x.png in Resources */,
				E906479E16087B4300707299 /* ipad-arrow.png in Resources */,
				E906479F16087B4300707299 /* ipad-arrow@2x.png in Resources */,
				E90647A016087B4300707299 /* ipad-back.png in Resources */,
				E90647A116087B4300707299 /* ipad-back@2x.png in Resources */,
				E90647A216087B4300707299 /* ipad-BG-pattern.png in Resources */,
				E90647A316087B4300707299 /* ipad-BG-pattern@2x.png in Resources */,
				E90647A416087B4300707299 /* ipad-BG-split.png in Resources */,
				E90647A516087B4300707299 /* ipad-BG-split@2x.png in Resources */,
				E90647A616087B4300707299 /* ipad-BG.png in Resources */,
				E90647A716087B4300707299 /* ipad-BG@2x.png in Resources */,
				E90647A816087B4300707299 /* ipad-button-blue-pressed.png in Resources */,
				E90647A916087B4300707299 /* ipad-button-blue-pressed@2x.png in Resources */,
				E90647AA16087B4300707299 /* ipad-button-blue.png in Resources */,
				E90647AB16087B4300707299 /* ipad-button-blue@2x.png in Resources */,
				E90647B816087B4300707299 /* ipad-list-element.png in Resources */,
				E90647B916087B4300707299 /* ipad-list-element@2x.png in Resources */,
				E90647BA16087B4300707299 /* ipad-list-item-selected.png in Resources */,
				E90647BB16087B4300707299 /* ipad-list-item-selected@2x.png in Resources */,
				E90647BC16087B4300707299 /* ipad-menu-bar.png in Resources */,
				E90647BD16087B4300707299 /* ipad-menu-bar@2x.png in Resources */,
				E90647C216087B4300707299 /* ipad-menubar-button.png in Resources */,
				E90647C316087B4300707299 /* ipad-menubar-button@2x.png in Resources */,
				E90647C416087B4300707299 /* ipad-menubar-left.png in Resources */,
				E90647C516087B4300707299 /* ipad-menubar-left@2x.png in Resources */,
				E90647C616087B4300707299 /* ipad-menubar-right.png in Resources */,
				E90647C716087B4300707299 /* ipad-menubar-right@2x.png in Resources */,
				E90647DE16087B4300707299 /* list-item-bg.png in Resources */,
				E90647DF16087B4300707299 /* list-item-bg@2x.png in Resources */,
				E90647E016087B4300707299 /* menubar-button.png in Resources */,
				E90647E116087B4300707299 /* menubar-button@2x.png in Resources */,
				E90647E216087B4300707299 /* menubar.png in Resources */,
				E90647E316087B4300707299 /* menubar@2x.png in Resources */,
				E906483616098E3F00707299 /* ShareKit.bundle in Resources */,
				E90296A8160B96A30091F5ED /* details-photo-mask.png in Resources */,
				E90296A9160B96A30091F5ED /* details-photo-mask@2x.png in Resources */,
				E90296AA160B96A30091F5ED /* ingredients-list.png in Resources */,
				E90296AB160B96A30091F5ED /* ingredients-list@2x.png in Resources */,
				E90296AD160BB7BF0091F5ED /* scroll-ipad.png in Resources */,
				E90296AF160BBF0E0091F5ED /* scroll iphone.png in Resources */,
				E9F0E896160CCE32003473C3 /* Icon-Small-50.png in Resources */,
				E9F0E897160CCE32003473C3 /* Icon-Small-50@2x.png in Resources */,
				E9F0E898160CCE32003473C3 /* Icon-Small.png in Resources */,
				E9F0E899160CCE32003473C3 /* Icon-Small@2x.png in Resources */,
				E9F0E89A160CCE32003473C3 /* Icon.png in Resources */,
				E9F0E89B160CCE32003473C3 /* Icon@2x.png in Resources */,
				E9F0E89C160CCE32003473C3 /* iTunesArtwork1024 in Resources */,
				E9F0E89D160CCE32003473C3 /* iTunesArtwork512 in Resources */,
				E9F0E89E160CCE32003473C3 /* Default-568h@2x.png in Resources */,
				E9F0E8A6160CCE5B003473C3 /* Icon.png in Resources */,
				E9F0E8A8160CCE7D003473C3 /* Icon@2x.png in Resources */,
				E9F0E8AA160CCE87003473C3 /* Icon-72.png in Resources */,
				E9F0E8AC160CCE8B003473C3 /* Icon-72@2x.png in Resources */,
				E9F0E8AF160CD5E3003473C3 /* Default.png in Resources */,
				E9F0E8B1160CD5EA003473C3 /* Default@2x.png in Resources */,
				E9F0E8B5160CDC30003473C3 /* Default-Portrait~ipad.png in Resources */,
				E9F0E8B7160CDCA7003473C3 /* Default-Portrait@2x~ipad.png in Resources */,
				E9F0E8B9160CDCAD003473C3 /* Default-Landscape~ipad.png in Resources */,
				E9F0E8BB160CDCB0003473C3 /* Default-Landscape@2x~ipad.png in Resources */,
			);
			runOnlyForDeploymentPostprocessing = 0;
		};
/* End PBXResourcesBuildPhase section */

/* Begin PBXSourcesBuildPhase section */
		E9E0B6BE15FFAD3200C74C61 /* Sources */ = {
			isa = PBXSourcesBuildPhase;
			buildActionMask = 2147483647;
			files = (
				E9E0B6D315FFAD3200C74C61 /* main.m in Sources */,
				E9E0B6D715FFAD3200C74C61 /* DuaAppDelegate.m in Sources */,
				E9E0B6E015FFAD3300C74C61 /* DuaMasterViewController.m in Sources */,
				E9E0B6E315FFAD3300C74C61 /* DuaDetailViewController.m in Sources */,
				E906481D1608845A00707299 /* MasterCell.m in Sources */,
				E906483F160993DE00707299 /* ShareKitDuaConfigurator.m in Sources */,
			);
			runOnlyForDeploymentPostprocessing = 0;
		};
/* End PBXSourcesBuildPhase section */

/* Begin PBXTargetDependency section */
		E906483216098DEB00707299 /* PBXTargetDependency */ = {
			isa = PBXTargetDependency;
			name = "Static Library";
			targetProxy = E906483116098DEB00707299 /* PBXContainerItemProxy */;
		};
		E906483416098DEB00707299 /* PBXTargetDependency */ = {
			isa = PBXTargetDependency;
			name = "Resource Bundle";
			targetProxy = E906483316098DEB00707299 /* PBXContainerItemProxy */;
		};
/* End PBXTargetDependency section */

/* Begin PBXVariantGroup section */
		E9E0B6CF15FFAD3200C74C61 /* InfoPlist.strings */ = {
			isa = PBXVariantGroup;
			children = (
				E9E0B6D015FFAD3200C74C61 /* en */,
			);
			name = InfoPlist.strings;
			sourceTree = "<group>";
		};
		E9E0B6D815FFAD3300C74C61 /* MainStoryboard_iPhone.storyboard */ = {
			isa = PBXVariantGroup;
			children = (
				E9E0B6D915FFAD3300C74C61 /* en */,
			);
			name = MainStoryboard_iPhone.storyboard;
			sourceTree = "<group>";
		};
		E9E0B6DB15FFAD3300C74C61 /* MainStoryboard_iPad.storyboard */ = {
			isa = PBXVariantGroup;
			children = (
				E9E0B6DC15FFAD3300C74C61 /* en */,
			);
			name = MainStoryboard_iPad.storyboard;
			sourceTree = "<group>";
		};
/* End PBXVariantGroup section */

/* Begin XCBuildConfiguration section */
		E9E0B6E415FFAD3300C74C61 /* Debug */ = {
			isa = XCBuildConfiguration;
			buildSettings = {
				ALWAYS_SEARCH_USER_PATHS = NO;
				ARCHS = "$(ARCHS_STANDARD_32_BIT)";
				CLANG_CXX_LANGUAGE_STANDARD = "gnu++0x";
				CLANG_ENABLE_OBJC_ARC = YES;
				CLANG_WARN__DUPLICATE_METHOD_MATCH = YES;
				CODE_SIGN_IDENTITY = "iPhone Distribution: Khalid Ahmed";
				"CODE_SIGN_IDENTITY[sdk=iphoneos*]" = "iPhone Distribution: Khalid Ahmed";
				COPY_PHASE_STRIP = NO;
				GCC_C_LANGUAGE_STANDARD = gnu99;
				GCC_DYNAMIC_NO_PIC = NO;
				GCC_OPTIMIZATION_LEVEL = 0;
				GCC_PREPROCESSOR_DEFINITIONS = (
					"DEBUG=1",
					"$(inherited)",
				);
				GCC_SYMBOLS_PRIVATE_EXTERN = NO;
				GCC_VERSION = com.apple.compilers.llvm.clang.1_0;
				GCC_WARN_ABOUT_RETURN_TYPE = YES;
				GCC_WARN_UNINITIALIZED_AUTOS = YES;
				GCC_WARN_UNUSED_VARIABLE = YES;
				IPHONEOS_DEPLOYMENT_TARGET = 6.0;
				PROVISIONING_PROFILE = "01D93253-F5CA-4821-B21E-ED4F3720E34B";
				"PROVISIONING_PROFILE[sdk=iphoneos*]" = "01D93253-F5CA-4821-B21E-ED4F3720E34B";
				SDKROOT = iphoneos;
				TARGETED_DEVICE_FAMILY = "1,2";
			};
			name = Debug;
		};
		E9E0B6E515FFAD3300C74C61 /* Release */ = {
			isa = XCBuildConfiguration;
			buildSettings = {
				ALWAYS_SEARCH_USER_PATHS = NO;
				ARCHS = "$(ARCHS_STANDARD_32_BIT)";
				CLANG_CXX_LANGUAGE_STANDARD = "gnu++0x";
				CLANG_ENABLE_OBJC_ARC = YES;
				CLANG_WARN__DUPLICATE_METHOD_MATCH = YES;
				CODE_SIGN_IDENTITY = "iPhone Distribution: Khalid Ahmed";
				"CODE_SIGN_IDENTITY[sdk=iphoneos*]" = "iPhone Distribution: Khalid Ahmed";
				COPY_PHASE_STRIP = YES;
				GCC_C_LANGUAGE_STANDARD = gnu99;
				GCC_VERSION = com.apple.compilers.llvm.clang.1_0;
				GCC_WARN_ABOUT_RETURN_TYPE = YES;
				GCC_WARN_UNINITIALIZED_AUTOS = YES;
				GCC_WARN_UNUSED_VARIABLE = YES;
				IPHONEOS_DEPLOYMENT_TARGET = 6.0;
				OTHER_CFLAGS = "-DNS_BLOCK_ASSERTIONS=1";
				PROVISIONING_PROFILE = "01D93253-F5CA-4821-B21E-ED4F3720E34B";
				"PROVISIONING_PROFILE[sdk=iphoneos*]" = "01D93253-F5CA-4821-B21E-ED4F3720E34B";
				SDKROOT = iphoneos;
				TARGETED_DEVICE_FAMILY = "1,2";
				VALIDATE_PRODUCT = YES;
			};
			name = Release;
		};
		E9E0B6E715FFAD3300C74C61 /* Debug */ = {
			isa = XCBuildConfiguration;
			buildSettings = {
				FRAMEWORK_SEARCH_PATHS = (
					"$(inherited)",
					"\"$(SRCROOT)\"",
				);
				GCC_PRECOMPILE_PREFIX_HEADER = YES;
				GCC_PREFIX_HEADER = "Dua/Dua-Prefix.pch";
				INFOPLIST_FILE = "Dua/Dua-Info.plist";
				IPHONEOS_DEPLOYMENT_TARGET = 6.0;
				ONLY_ACTIVE_ARCH = NO;
				OTHER_LDFLAGS = (
					"-ObjC",
					"-all_load",
				);
				PRODUCT_NAME = "$(TARGET_NAME)";
				TARGETED_DEVICE_FAMILY = "1,2";
				USER_HEADER_SEARCH_PATHS = "Submodules/**";
				VALID_ARCHS = armv7;
				WRAPPER_EXTENSION = app;
			};
			name = Debug;
		};
		E9E0B6E815FFAD3300C74C61 /* Release */ = {
			isa = XCBuildConfiguration;
			buildSettings = {
				FRAMEWORK_SEARCH_PATHS = (
					"$(inherited)",
					"\"$(SRCROOT)\"",
				);
				GCC_PRECOMPILE_PREFIX_HEADER = YES;
				GCC_PREFIX_HEADER = "Dua/Dua-Prefix.pch";
				INFOPLIST_FILE = "Dua/Dua-Info.plist";
				IPHONEOS_DEPLOYMENT_TARGET = 6.0;
				ONLY_ACTIVE_ARCH = NO;
				OTHER_LDFLAGS = (
					"-ObjC",
					"-all_load",
				);
				PRODUCT_NAME = "$(TARGET_NAME)";
				TARGETED_DEVICE_FAMILY = "1,2";
				USER_HEADER_SEARCH_PATHS = "Submodules/**";
				VALID_ARCHS = armv7;
				WRAPPER_EXTENSION = app;
			};
			name = Release;
		};
/* End XCBuildConfiguration section */

/* Begin XCConfigurationList section */
		E9E0B6BC15FFAD3200C74C61 /* Build configuration list for PBXProject "Dua" */ = {
			isa = XCConfigurationList;
			buildConfigurations = (
				E9E0B6E415FFAD3300C74C61 /* Debug */,
				E9E0B6E515FFAD3300C74C61 /* Release */,
			);
			defaultConfigurationIsVisible = 0;
			defaultConfigurationName = Release;
		};
		E9E0B6E615FFAD3300C74C61 /* Build configuration list for PBXNativeTarget "Dua" */ = {
			isa = XCConfigurationList;
			buildConfigurations = (
				E9E0B6E715FFAD3300C74C61 /* Debug */,
				E9E0B6E815FFAD3300C74C61 /* Release */,
			);
			defaultConfigurationIsVisible = 0;
			defaultConfigurationName = Release;
		};
/* End XCConfigurationList section */
	};
	rootObject = E9E0B6B915FFAD3200C74C61 /* Project object */;
}
